schema: '2.0'
stages:
  download:
    cmd: PYTHONPATH=../.. python download.py
    deps:
    - path: download.py
      hash: md5
      md5: 9f5f34db93edd6a0deb94428b3b8d5dc
      size: 1253
    outs:
    - path: ../../data/raw/education/16-18-destination-measures.zip
      hash: md5
      md5: 3a470595078c50ef064599153d7eb32a
      size: 19700721
    - path: ../../data/raw/education/key-stage-4-performance.zip
      hash: md5
      md5: acf95b004236f1ce8e6a17d432c6d3de
      size: 60100637
  transform:
    cmd: papermill transform.ipynb ../../output/education-transform.ipynb
    deps:
    - path: ../../data/raw/education/
      hash: md5
      md5: 6886903ee2d61cebbd4f4a9ba5fd137c.dir
      size: 79801358
      nfiles: 2
    - path: transform.ipynb
      hash: md5
      md5: 6b17e22b87344ce26584190ff7664624
      size: 16606
    outs:
    - path: ../../data/processed/dfe/destinations.csv
      hash: md5
      md5: 171620b82ca92e8df6d53402129dab4b
      size: 6148158
    - path: ../../data/processed/dfe/destinations.metadata.json
      hash: md5
      md5: cc27da28874a01b003fa574ca70904ff
      size: 6009
    - path: ../../data/processed/dfe/destinations.parquet
      hash: md5
      md5: a931dce53d821a32ed551610a87aa7a0
      size: 164019
    - path: ../../data/processed/dfe/ks4_char_outcomes.csv
      hash: md5
      md5: 53fe8bc1f739321cc2e292298e9c2fcb
      size: 31430655
    - path: ../../data/processed/dfe/ks4_char_outcomes.metadata.json
      hash: md5
      md5: f31ea91d1400d8dfc43961f097a71221
      size: 3977
    - path: ../../data/processed/dfe/ks4_char_outcomes.parquet
      hash: md5
      md5: deb71b122421fa457b0a9317b8d460a5
      size: 225743
    - path: ../../data/processed/dfe/ks4_outcomes.csv
      hash: md5
      md5: 368e60e1a0b729cadf12b2b97e319721
      size: 569026
    - path: ../../data/processed/dfe/ks4_outcomes.metadata.json
      hash: md5
      md5: 441f6be7c31f7be864f2ecdb2baf4375
      size: 3193
    - path: ../../data/processed/dfe/ks4_outcomes.parquet
      hash: md5
      md5: eab4278747cc5028f4c907c5949b440e
      size: 18599
