schema: '2.0'
stages:
  process@unem:
    cmd: papermill process.ipynb ../../output/ons-process-unem.ipynb -p dataset unem
      -p url 
      "https://www.ons.gov.uk/file?uri=/employmentandlabourmarket/peoplenotinwork/unemployment/datasets/claimantcountandvacanciesdataset/current/unem.csv"
    deps:
    - path: ../../data/raw/unem.csv
      hash: md5
      md5: 721af045d9a20df1d125f6d961a1bbd7
      size: 1010564
    - path: process.ipynb
      hash: md5
      md5: 7252295e9f7ec2a8bf7f27667cb9551f
      size: 2590
    outs:
    - path: ../../data/metadata/codes/unem-codes.csv
      hash: md5
      md5: cdcd6a9fef38b059476090e4ef64edaa
      size: 33842
    - path: ../../data/processed/unem.csv
      hash: md5
      md5: c305ae67b624f3d93414321f133474e1
      size: 3800519
  process@mm23:
    cmd: papermill process.ipynb ../../output/ons-process-mm23.ipynb -p dataset mm23
      -p url 
      "https://www.ons.gov.uk/file?uri=/economy/inflationandpriceindices/datasets/consumerpriceindices/current/mm23.csv"
    deps:
    - path: ../../data/raw/mm23.csv
      hash: md5
      md5: 6e0ab1431a900590d38108ece1921e8b
      size: 10777164
    - path: process.ipynb
      hash: md5
      md5: 7252295e9f7ec2a8bf7f27667cb9551f
      size: 2590
    outs:
    - path: ../../data/metadata/codes/mm23-codes.csv
      hash: md5
      md5: 17200cfcc1927c512dcc7f29f98cd2ae
      size: 377769
    - path: ../../data/processed/mm23.csv
      hash: md5
      md5: 060e531ea4b43e01daa49aae92a82610
      size: 26721031
  process@lms:
    cmd: papermill process.ipynb ../../output/ons-process-lms.ipynb -p dataset lms
      -p url 
      "https://www.ons.gov.uk/file?uri=/employmentandlabourmarket/peopleinwork/employmentandemployeetypes/datasets/labourmarketstatistics/current/lms.csv"
    deps:
    - path: ../../data/raw/lms.csv
      hash: md5
      md5: d81c172720d3ef7b4ae5df5ac1d46678
      size: 5870969
    - path: process.ipynb
      hash: md5
      md5: 7252295e9f7ec2a8bf7f27667cb9551f
      size: 2590
    outs:
    - path: ../../data/metadata/codes/lms-codes.csv
      hash: md5
      md5: 82d934bb1bc68cd7dfbda046681fd4e4
      size: 176965
    - path: ../../data/processed/lms.csv
      hash: md5
      md5: 0039f5af0aba0b56051f1b23211b1b04
      size: 19308337
  download@mm23:
    cmd: PYTHONPATH=../.. python download.py mm23 
      "https://www.ons.gov.uk/file?uri=/economy/inflationandpriceindices/datasets/consumerpriceindices/current/mm23.csv"
    deps:
    - path: download.py
      hash: md5
      md5: 6620e209ed9968e5640adf17e1797dd6
      size: 304
    outs:
    - path: ../../data/raw/mm23.csv
      hash: md5
      md5: 6e0ab1431a900590d38108ece1921e8b
      size: 10777164
  download@unem:
    cmd: PYTHONPATH=../.. python download.py unem 
      "https://www.ons.gov.uk/file?uri=/employmentandlabourmarket/peoplenotinwork/unemployment/datasets/claimantcountandvacanciesdataset/current/unem.csv"
    deps:
    - path: download.py
      hash: md5
      md5: 6620e209ed9968e5640adf17e1797dd6
      size: 304
    outs:
    - path: ../../data/raw/unem.csv
      hash: md5
      md5: 721af045d9a20df1d125f6d961a1bbd7
      size: 1010564
  download@lms:
    cmd: PYTHONPATH=../.. python download.py lms 
      "https://www.ons.gov.uk/file?uri=/employmentandlabourmarket/peopleinwork/employmentandemployeetypes/datasets/labourmarketstatistics/current/lms.csv"
    deps:
    - path: download.py
      hash: md5
      md5: 6620e209ed9968e5640adf17e1797dd6
      size: 304
    outs:
    - path: ../../data/raw/lms.csv
      hash: md5
      md5: d81c172720d3ef7b4ae5df5ac1d46678
      size: 5870969
