schema: '2.0'
stages:
  process@unem:
    cmd: papermill process.ipynb ../../output/ons-process-unem.ipynb -p dataset unem
      -p url 
      "https://www.ons.gov.uk/file?uri=/employmentandlabourmarket/peoplenotinwork/unemployment/datasets/claimantcountandvacanciesdataset/current/unem.csv"
    deps:
    - path: ../../data/raw/unem.csv
      hash: md5
      md5: 6ddb337d8153057103a65012e3ecfcc8
      size: 1012058
    - path: process.ipynb
      hash: md5
      md5: 7252295e9f7ec2a8bf7f27667cb9551f
      size: 2590
    outs:
    - path: ../../data/metadata/codes/unem-codes.csv
      hash: md5
      md5: c9db3a9bd40eaae38ab45a6b4b2e09d8
      size: 33842
    - path: ../../data/processed/unem.csv
      hash: md5
      md5: 3f8e08cd9dbe19331d270175c3a10f2e
      size: 3796707
  process@mm23:
    cmd: papermill process.ipynb ../../output/ons-process-mm23.ipynb -p dataset mm23
      -p url 
      "https://www.ons.gov.uk/file?uri=/economy/inflationandpriceindices/datasets/consumerpriceindices/current/mm23.csv"
    deps:
    - path: ../../data/raw/mm23.csv
      hash: md5
      md5: 6e0ab1431a900590d38108ece1921e8b
      size: 10777164
    - path: process.ipynb
      hash: md5
      md5: 7252295e9f7ec2a8bf7f27667cb9551f
      size: 2590
    outs:
    - path: ../../data/metadata/codes/mm23-codes.csv
      hash: md5
      md5: 17200cfcc1927c512dcc7f29f98cd2ae
      size: 377769
    - path: ../../data/processed/mm23.csv
      hash: md5
      md5: 060e531ea4b43e01daa49aae92a82610
      size: 26721031
  process@lms:
    cmd: papermill process.ipynb ../../output/ons-process-lms.ipynb -p dataset lms
      -p url 
      "https://www.ons.gov.uk/file?uri=/employmentandlabourmarket/peopleinwork/employmentandemployeetypes/datasets/labourmarketstatistics/current/lms.csv"
    deps:
    - path: ../../data/raw/lms.csv
      hash: md5
      md5: e1fb21fa17174d07b709737c9128430b
      size: 5854580
    - path: process.ipynb
      hash: md5
      md5: 7252295e9f7ec2a8bf7f27667cb9551f
      size: 2590
    outs:
    - path: ../../data/metadata/codes/lms-codes.csv
      hash: md5
      md5: ad0c34cc0a9c3241342e76bfaf3e9947
      size: 176965
    - path: ../../data/processed/lms.csv
      hash: md5
      md5: e380b66622d8524fbea0b8cfcdeb9e08
      size: 19247048
  download@mm23:
    cmd: PYTHONPATH=../.. python download.py mm23 
      "https://www.ons.gov.uk/file?uri=/economy/inflationandpriceindices/datasets/consumerpriceindices/current/mm23.csv"
    deps:
    - path: download.py
      hash: md5
      md5: 6620e209ed9968e5640adf17e1797dd6
      size: 304
    outs:
    - path: ../../data/raw/mm23.csv
      hash: md5
      md5: 6e0ab1431a900590d38108ece1921e8b
      size: 10777164
  download@unem:
    cmd: PYTHONPATH=../.. python download.py unem 
      "https://www.ons.gov.uk/file?uri=/employmentandlabourmarket/peoplenotinwork/unemployment/datasets/claimantcountandvacanciesdataset/current/unem.csv"
    deps:
    - path: download.py
      hash: md5
      md5: 6620e209ed9968e5640adf17e1797dd6
      size: 304
    outs:
    - path: ../../data/raw/unem.csv
      hash: md5
      md5: 6ddb337d8153057103a65012e3ecfcc8
      size: 1012058
  download@lms:
    cmd: PYTHONPATH=../.. python download.py lms 
      "https://www.ons.gov.uk/file?uri=/employmentandlabourmarket/peopleinwork/employmentandemployeetypes/datasets/labourmarketstatistics/current/lms.csv"
    deps:
    - path: download.py
      hash: md5
      md5: 6620e209ed9968e5640adf17e1797dd6
      size: 304
    outs:
    - path: ../../data/raw/lms.csv
      hash: md5
      md5: e1fb21fa17174d07b709737c9128430b
      size: 5854580
