schema: '2.0'
stages:
  process@unem:
    cmd: papermill process.ipynb ../../output/ons-process-unem.ipynb -p dataset unem
      -p url 
      "https://www.ons.gov.uk/file?uri=/employmentandlabourmarket/peoplenotinwork/unemployment/datasets/claimantcountandvacanciesdataset/current/unem.csv"
    deps:
    - path: ../../data/raw/unem.csv
      hash: md5
      md5: 04bad82f8fd26cc4a4ee8e7bee77a202
      size: 1002020
    - path: process.ipynb
      hash: md5
      md5: 7252295e9f7ec2a8bf7f27667cb9551f
      size: 2590
    outs:
    - path: ../../data/metadata/codes/unem-codes.csv
      hash: md5
      md5: 75dcef2c4c8746542c2253e328df92a5
      size: 33842
    - path: ../../data/processed/unem.csv
      hash: md5
      md5: 5a9684497186fb1c77abc469202c0adb
      size: 3769768
  process@mm23:
    cmd: papermill process.ipynb ../../output/ons-process-mm23.ipynb -p dataset mm23
      -p url 
      "https://www.ons.gov.uk/file?uri=/economy/inflationandpriceindices/datasets/consumerpriceindices/current/mm23.csv"
    deps:
    - path: ../../data/raw/mm23.csv
      hash: md5
      md5: f067f1cda11a0cab92509bd9b7ee71cf
      size: 10677048
    - path: process.ipynb
      hash: md5
      md5: 7252295e9f7ec2a8bf7f27667cb9551f
      size: 2590
    outs:
    - path: ../../data/metadata/codes/mm23-codes.csv
      hash: md5
      md5: a1d0e5ebee8bda9de9afe988414048e8
      size: 377769
    - path: ../../data/processed/mm23.csv
      hash: md5
      md5: 7e989c1a7c9fb48160ad9c312354ae1c
      size: 26324369
  process@lms:
    cmd: papermill process.ipynb ../../output/ons-process-lms.ipynb -p dataset lms
      -p url 
      "https://www.ons.gov.uk/file?uri=/employmentandlabourmarket/peopleinwork/employmentandemployeetypes/datasets/labourmarketstatistics/current/lms.csv"
    deps:
    - path: ../../data/raw/lms.csv
      hash: md5
      md5: 98750461d5fffa11c662ac1272a5396f
      size: 5817886
    - path: process.ipynb
      hash: md5
      md5: 7252295e9f7ec2a8bf7f27667cb9551f
      size: 2590
    outs:
    - path: ../../data/metadata/codes/lms-codes.csv
      hash: md5
      md5: 248632fbf3b30fb1e91a597b798cba54
      size: 176965
    - path: ../../data/processed/lms.csv
      hash: md5
      md5: 337581034b892e90273f9bf6b4766483
      size: 19085096
  download@mm23:
    cmd: PYTHONPATH=../.. python download.py mm23 
      "https://www.ons.gov.uk/file?uri=/economy/inflationandpriceindices/datasets/consumerpriceindices/current/mm23.csv"
    deps:
    - path: download.py
      hash: md5
      md5: 6620e209ed9968e5640adf17e1797dd6
      size: 304
    outs:
    - path: ../../data/raw/mm23.csv
      hash: md5
      md5: f067f1cda11a0cab92509bd9b7ee71cf
      size: 10677048
  download@unem:
    cmd: PYTHONPATH=../.. python download.py unem 
      "https://www.ons.gov.uk/file?uri=/employmentandlabourmarket/peoplenotinwork/unemployment/datasets/claimantcountandvacanciesdataset/current/unem.csv"
    deps:
    - path: download.py
      hash: md5
      md5: 6620e209ed9968e5640adf17e1797dd6
      size: 304
    outs:
    - path: ../../data/raw/unem.csv
      hash: md5
      md5: 04bad82f8fd26cc4a4ee8e7bee77a202
      size: 1002020
  download@lms:
    cmd: PYTHONPATH=../.. python download.py lms 
      "https://www.ons.gov.uk/file?uri=/employmentandlabourmarket/peopleinwork/employmentandemployeetypes/datasets/labourmarketstatistics/current/lms.csv"
    deps:
    - path: download.py
      hash: md5
      md5: 6620e209ed9968e5640adf17e1797dd6
      size: 304
    outs:
    - path: ../../data/raw/lms.csv
      hash: md5
      md5: 98750461d5fffa11c662ac1272a5396f
      size: 5817886
